
Microsoft Visual Studio Solution File, Format Version 12.00
# Visual Studio Version 17
VisualStudioVersion = 17.13.35913.81
MinimumVisualStudioVersion = 10.0.40219.1
Project("{FAE04EC0-301F-11D3-BF4B-00C04F79EFBC}") = "TrackMaster", "TrackMaster\TrackMaster.csproj", "{A1CF2FDD-ADBF-4242-B7E8-B11EA8CA4073}"
	ProjectSection(ProjectDependencies) = postProject
		{79D67A63-EA95-9AC6-C8D9-25BDDBE5148C} = {79D67A63-EA95-9AC6-C8D9-25BDDBE5148C}
	EndProjectSection
EndProject
Project("{FAE04EC0-301F-11D3-BF4B-00C04F79EFBC}") = "TrackMaster.Core", "TrackMaster.Core\TrackMaster.Core.csproj", "{C48FDD7E-CF76-3DA2-3AEB-D721183787E4}"
EndProject
Project("{FAE04EC0-301F-11D3-BF4B-00C04F79EFBC}") = "TrackMaster.Infrastructure", "TrackMaster.Infrastructure\TrackMaster.Infrastructure.csproj", "{79D67A63-EA95-9AC6-C8D9-25BDDBE5148C}"
EndProject
Global
	GlobalSection(SolutionConfigurationPlatforms) = preSolution
		Debug|Any CPU = Debug|Any CPU
		Release|Any CPU = Release|Any CPU
	EndGlobalSection
	GlobalSection(ProjectConfigurationPlatforms) = postSolution
		{A1CF2FDD-ADBF-4242-B7E8-B11EA8CA4073}.Debug|Any CPU.ActiveCfg = Debug|Any CPU
		{A1CF2FDD-ADBF-4242-B7E8-B11EA8CA4073}.Debug|Any CPU.Build.0 = Debug|Any CPU
		{A1CF2FDD-ADBF-4242-B7E8-B11EA8CA4073}.Release|Any CPU.ActiveCfg = Release|Any CPU
		{A1CF2FDD-ADBF-4242-B7E8-B11EA8CA4073}.Release|Any CPU.Build.0 = Release|Any CPU
		{C48FDD7E-CF76-3DA2-3AEB-D721183787E4}.Debug|Any CPU.ActiveCfg = Debug|Any CPU
		{C48FDD7E-CF76-3DA2-3AEB-D721183787E4}.Debug|Any CPU.Build.0 = Debug|Any CPU
		{C48FDD7E-CF76-3DA2-3AEB-D721183787E4}.Release|Any CPU.ActiveCfg = Release|Any CPU
		{C48FDD7E-CF76-3DA2-3AEB-D721183787E4}.Release|Any CPU.Build.0 = Release|Any CPU
		{79D67A63-EA95-9AC6-C8D9-25BDDBE5148C}.Debug|Any CPU.ActiveCfg = Debug|Any CPU
		{79D67A63-EA95-9AC6-C8D9-25BDDBE5148C}.Debug|Any CPU.Build.0 = Debug|Any CPU
		{79D67A63-EA95-9AC6-C8D9-25BDDBE5148C}.Release|Any CPU.ActiveCfg = Release|Any CPU
		{79D67A63-EA95-9AC6-C8D9-25BDDBE5148C}.Release|Any CPU.Build.0 = Release|Any CPU
	EndGlobalSection
	GlobalSection(SolutionProperties) = preSolution
		HideSolutionNode = FALSE
	EndGlobalSection
	GlobalSection(ExtensibilityGlobals) = postSolution
		SolutionGuid = {E0D03EE7-8DFC-43F9-B9CD-0DA36EB91743}
	EndGlobalSection
EndGlobal
